
Microsoft Visual Studio Solution File, Format Version 12.00
# Visual Studio Version 16
VisualStudioVersion = 16.0.28803.352
MinimumVisualStudioVersion = 10.0.40219.1
Project("{8BC9CEB8-8B4A-11D0-8D11-00A0C91BC942}") = "common", "common\common.vcxproj", "{7DA98C35-F1DB-47D5-99CE-51BEF11350C8}"
EndProject
Project("{8BC9CEB8-8B4A-11D0-8D11-00A0C91BC942}") = "RePlay", "RePlay\RePlay.vcxproj", "{55A70590-BB58-4EE7-970F-C0C2A36D9740}"
	ProjectSection(ProjectDependencies) = postProject
		{71CFF95D-4175-4E97-8E51-121109B163B3} = {71CFF95D-4175-4E97-8E51-121109B163B3}
	EndProjectSection
EndProject
Project("{8BC9CEB8-8B4A-11D0-8D11-00A0C91BC942}") = "Starter", "Starter\Starter.vcxproj", "{E404E5E1-5302-41DE-A2BC-EFDBA884DCE6}"
EndProject
Project("{8BC9CEB8-8B4A-11D0-8D11-00A0C91BC942}") = "Sheeps", "Sheeps\Sheeps.vcxproj", "{71CFF95D-4175-4E97-8E51-121109B163B3}"
	ProjectSection(ProjectDependencies) = postProject
		{7DA98C35-F1DB-47D5-99CE-51BEF11350C8} = {7DA98C35-F1DB-47D5-99CE-51BEF11350C8}
	EndProjectSection
EndProject
Global
	GlobalSection(SolutionConfigurationPlatforms) = preSolution
		Debug|x64 = Debug|x64
		Debug|x86 = Debug|x86
		Release|x64 = Release|x64
		Release|x86 = Release|x86
	EndGlobalSection
	GlobalSection(ProjectConfigurationPlatforms) = postSolution
		{7DA98C35-F1DB-47D5-99CE-51BEF11350C8}.Debug|x64.ActiveCfg = Debug|x64
		{7DA98C35-F1DB-47D5-99CE-51BEF11350C8}.Debug|x64.Build.0 = Debug|x64
		{7DA98C35-F1DB-47D5-99CE-51BEF11350C8}.Debug|x86.ActiveCfg = Debug|Win32
		{7DA98C35-F1DB-47D5-99CE-51BEF11350C8}.Debug|x86.Build.0 = Debug|Win32
		{7DA98C35-F1DB-47D5-99CE-51BEF11350C8}.Release|x64.ActiveCfg = Release|x64
		{7DA98C35-F1DB-47D5-99CE-51BEF11350C8}.Release|x64.Build.0 = Release|x64
		{7DA98C35-F1DB-47D5-99CE-51BEF11350C8}.Release|x86.ActiveCfg = Release|Win32
		{7DA98C35-F1DB-47D5-99CE-51BEF11350C8}.Release|x86.Build.0 = Release|Win32
		{55A70590-BB58-4EE7-970F-C0C2A36D9740}.Debug|x64.ActiveCfg = Debug|x64
		{55A70590-BB58-4EE7-970F-C0C2A36D9740}.Debug|x64.Build.0 = Debug|x64
		{55A70590-BB58-4EE7-970F-C0C2A36D9740}.Debug|x86.ActiveCfg = Debug|Win32
		{55A70590-BB58-4EE7-970F-C0C2A36D9740}.Debug|x86.Build.0 = Debug|Win32
		{55A70590-BB58-4EE7-970F-C0C2A36D9740}.Release|x64.ActiveCfg = Release|x64
		{55A70590-BB58-4EE7-970F-C0C2A36D9740}.Release|x64.Build.0 = Release|x64
		{55A70590-BB58-4EE7-970F-C0C2A36D9740}.Release|x86.ActiveCfg = Release|Win32
		{55A70590-BB58-4EE7-970F-C0C2A36D9740}.Release|x86.Build.0 = Release|Win32
		{E404E5E1-5302-41DE-A2BC-EFDBA884DCE6}.Debug|x64.ActiveCfg = Debug|x64
		{E404E5E1-5302-41DE-A2BC-EFDBA884DCE6}.Debug|x64.Build.0 = Debug|x64
		{E404E5E1-5302-41DE-A2BC-EFDBA884DCE6}.Debug|x86.ActiveCfg = Debug|Win32
		{E404E5E1-5302-41DE-A2BC-EFDBA884DCE6}.Debug|x86.Build.0 = Debug|Win32
		{E404E5E1-5302-41DE-A2BC-EFDBA884DCE6}.Release|x64.ActiveCfg = Release|x64
		{E404E5E1-5302-41DE-A2BC-EFDBA884DCE6}.Release|x64.Build.0 = Release|x64
		{E404E5E1-5302-41DE-A2BC-EFDBA884DCE6}.Release|x86.ActiveCfg = Release|Win32
		{E404E5E1-5302-41DE-A2BC-EFDBA884DCE6}.Release|x86.Build.0 = Release|Win32
		{71CFF95D-4175-4E97-8E51-121109B163B3}.Debug|x64.ActiveCfg = Debug|x64
		{71CFF95D-4175-4E97-8E51-121109B163B3}.Debug|x64.Build.0 = Debug|x64
		{71CFF95D-4175-4E97-8E51-121109B163B3}.Debug|x86.ActiveCfg = Debug|Win32
		{71CFF95D-4175-4E97-8E51-121109B163B3}.Debug|x86.Build.0 = Debug|Win32
		{71CFF95D-4175-4E97-8E51-121109B163B3}.Release|x64.ActiveCfg = Release|x64
		{71CFF95D-4175-4E97-8E51-121109B163B3}.Release|x64.Build.0 = Release|x64
		{71CFF95D-4175-4E97-8E51-121109B163B3}.Release|x86.ActiveCfg = Release|Win32
		{71CFF95D-4175-4E97-8E51-121109B163B3}.Release|x86.Build.0 = Release|Win32
	EndGlobalSection
	GlobalSection(SolutionProperties) = preSolution
		HideSolutionNode = FALSE
	EndGlobalSection
	GlobalSection(ExtensibilityGlobals) = postSolution
		SolutionGuid = {E883CCA8-E29D-4027-8ACD-BBEFA8B0B6DB}
	EndGlobalSection
EndGlobal
